# This file is generated by running "yarn install" inside your project.
# Manual changes might be lost - proceed with caution!

__metadata:
  version: 4
  cacheKey: 6

"foo@workspace:.":
  version: 0.0.0-use.local
  resolution: "foo@workspace:."
  dependencies:
    lodash.lowercase: ^4.3.0
  languageName: unknown
  linkType: soft

"lodash.lowercase@npm:^4.3.0":
  version: 4.3.0
  resolution: "lodash.lowercase@npm:4.3.0"
  checksum: 8a80b5dae6c3f5b3d277c28862f47ad64c0267852b3d9c7c8885f16bffcd9d10dd989ec0235484f99105ab4a004ffc1ea7bcd74f0166d0716758c80555225728
  languageName: node
  linkType: hard
